
Microsoft Visual Studio Solution File, Format Version 12.00
# Visual Studio Version 17
VisualStudioVersion = 17.0.31903.59
MinimumVisualStudioVersion = 10.0.40219.1
Project("{FAE04EC0-301F-11D3-BF4B-00C04F79EFBC}") = "ExercicioCondicional1", "ExercicioCondicional1.csproj", "{1B791D43-BB75-48BB-803D-8C3E98E578E4}"
EndProject
Global
	GlobalSection(SolutionConfigurationPlatforms) = preSolution
		Debug|Any CPU = Debug|Any CPU
		Release|Any CPU = Release|Any CPU
	EndGlobalSection
	GlobalSection(ProjectConfigurationPlatforms) = postSolution
		{1B791D43-BB75-48BB-803D-8C3E98E578E4}.Debug|Any CPU.ActiveCfg = Debug|Any CPU
		{1B791D43-BB75-48BB-803D-8C3E98E578E4}.Debug|Any CPU.Build.0 = Debug|Any CPU
		{1B791D43-BB75-48BB-803D-8C3E98E578E4}.Release|Any CPU.ActiveCfg = Release|Any CPU
		{1B791D43-BB75-48BB-803D-8C3E98E578E4}.Release|Any CPU.Build.0 = Release|Any CPU
	EndGlobalSection
	GlobalSection(SolutionProperties) = preSolution
		HideSolutionNode = FALSE
	EndGlobalSection
	GlobalSection(ExtensibilityGlobals) = postSolution
		SolutionGuid = {F534D814-D1D7-4963-8C6B-CF14664AC90D}
	EndGlobalSection
EndGlobal
